
Microsoft Visual Studio Solution File, Format Version 12.00
# Visual Studio 14
VisualStudioVersion = 14.0.25123.0
MinimumVisualStudioVersion = 10.0.40219.1
Project("{FAE04EC0-301F-11D3-BF4B-00C04F79EFBC}") = "DTS.Utils", "DTS.Utils\DTS.Utils.csproj", "{A9476891-56CA-4FF1-9D43-5D720A080F50}"
EndProject
Project("{FAE04EC0-301F-11D3-BF4B-00C04F79EFBC}") = "DTS.Utils.Tests", "DTS.Utils.Tests\DTS.Utils.Tests.csproj", "{9C7EF61C-134B-404C-AC83-E9A622B8612F}"
EndProject
Global
	GlobalSection(SolutionConfigurationPlatforms) = preSolution
		Debug|Any CPU = Debug|Any CPU
		Release|Any CPU = Release|Any CPU
	EndGlobalSection
	GlobalSection(ProjectConfigurationPlatforms) = postSolution
		{A9476891-56CA-4FF1-9D43-5D720A080F50}.Debug|Any CPU.ActiveCfg = Debug|Any CPU
		{A9476891-56CA-4FF1-9D43-5D720A080F50}.Debug|Any CPU.Build.0 = Debug|Any CPU
		{A9476891-56CA-4FF1-9D43-5D720A080F50}.Release|Any CPU.ActiveCfg = Release|Any CPU
		{A9476891-56CA-4FF1-9D43-5D720A080F50}.Release|Any CPU.Build.0 = Release|Any CPU
		{9C7EF61C-134B-404C-AC83-E9A622B8612F}.Debug|Any CPU.ActiveCfg = Debug|Any CPU
		{9C7EF61C-134B-404C-AC83-E9A622B8612F}.Debug|Any CPU.Build.0 = Debug|Any CPU
		{9C7EF61C-134B-404C-AC83-E9A622B8612F}.Release|Any CPU.ActiveCfg = Release|Any CPU
		{9C7EF61C-134B-404C-AC83-E9A622B8612F}.Release|Any CPU.Build.0 = Release|Any CPU
	EndGlobalSection
	GlobalSection(SolutionProperties) = preSolution
		HideSolutionNode = FALSE
	EndGlobalSection
EndGlobal
